
Microsoft Visual Studio Solution File, Format Version 12.00
# Visual Studio Version 17
VisualStudioVersion = 17.8.34330.188
MinimumVisualStudioVersion = 10.0.40219.1
Project("{FAE04EC0-301F-11D3-BF4B-00C04F79EFBC}") = "Assignment08Azure", "Assignment08Azure\Assignment08Azure.csproj", "{C8FEE62F-1659-4E3C-9521-98DD4D3B4694}"
EndProject
Global
	GlobalSection(SolutionConfigurationPlatforms) = preSolution
		Debug|Any CPU = Debug|Any CPU
		Release|Any CPU = Release|Any CPU
	EndGlobalSection
	GlobalSection(ProjectConfigurationPlatforms) = postSolution
		{C8FEE62F-1659-4E3C-9521-98DD4D3B4694}.Debug|Any CPU.ActiveCfg = Debug|Any CPU
		{C8FEE62F-1659-4E3C-9521-98DD4D3B4694}.Debug|Any CPU.Build.0 = Debug|Any CPU
		{C8FEE62F-1659-4E3C-9521-98DD4D3B4694}.Release|Any CPU.ActiveCfg = Release|Any CPU
		{C8FEE62F-1659-4E3C-9521-98DD4D3B4694}.Release|Any CPU.Build.0 = Release|Any CPU
	EndGlobalSection
	GlobalSection(SolutionProperties) = preSolution
		HideSolutionNode = FALSE
	EndGlobalSection
	GlobalSection(ExtensibilityGlobals) = postSolution
		SolutionGuid = {0EDD90C3-ADB9-420E-AB64-491D5EE7D0F3}
	EndGlobalSection
EndGlobal
